
Microsoft Visual Studio Solution File, Format Version 12.00
# Visual Studio 15
VisualStudioVersion = 15.0.28307.421
MinimumVisualStudioVersion = 10.0.40219.1
Project("{2150E333-8FDC-42A3-9474-1A3956D46DE8}") = "4-Domain", "4-Domain", "{35D41FD1-B214-4074-A9DF-83FE50F4AF32}"
EndProject
Project("{2150E333-8FDC-42A3-9474-1A3956D46DE8}") = "6-Test", "6-Test", "{6AB63654-F035-498E-A132-D022C98B86AE}"
EndProject
Project("{2150E333-8FDC-42A3-9474-1A3956D46DE8}") = "5-Infra", "5-Infra", "{198EC9F0-55EF-419B-BD9B-A03FCF018CA0}"
EndProject
Project("{2150E333-8FDC-42A3-9474-1A3956D46DE8}") = "3-Application", "3-Application", "{729C8573-D105-4347-B657-1C27124B0AEA}"
EndProject
Project("{2150E333-8FDC-42A3-9474-1A3956D46DE8}") = "2-API", "2-API", "{A595FA6D-4F2D-42C2-B1F1-3A02992958B3}"
EndProject
Project("{2150E333-8FDC-42A3-9474-1A3956D46DE8}") = "1-Presetation", "1-Presetation", "{90DDAF8C-F3A7-4C23-98EB-D327C46B7A9D}"
EndProject
Project("{9A19103F-16F7-4668-BE54-9A1E7A4F7556}") = "Switch.Domain", "Switch.Domain\Switch.Domain.csproj", "{6D63C8A8-C8A4-4C64-A6AC-FFBC2796DE82}"
EndProject
Project("{9A19103F-16F7-4668-BE54-9A1E7A4F7556}") = "Switch.Domain.Tests", "Switch.Domain.Tests\Switch.Domain.Tests.csproj", "{A2B2FBF5-4CA4-4937-B594-94574ACA1915}"
EndProject
Project("{2150E333-8FDC-42A3-9474-1A3956D46DE8}") = "5.2-CrossCutting", "5.2-CrossCutting", "{ACCC3A78-F957-49C3-BADA-C4A62F9F49E7}"
EndProject
Project("{2150E333-8FDC-42A3-9474-1A3956D46DE8}") = "5.1-Data", "5.1-Data", "{75D5D606-9139-4BBE-9697-C037EF8F4063}"
EndProject
Project("{9A19103F-16F7-4668-BE54-9A1E7A4F7556}") = "Switch.Infra.Data", "Switch.Infra.Data\Switch.Infra.Data.csproj", "{12B1C7A7-D4B8-47E8-9702-41326533B381}"
EndProject
Project("{9A19103F-16F7-4668-BE54-9A1E7A4F7556}") = "Switch.Appilcation", "Switch.Appilcation\Switch.Appilcation.csproj", "{01A306F3-514E-4069-A14F-135CAE51CBD6}"
EndProject
Project("{9A19103F-16F7-4668-BE54-9A1E7A4F7556}") = "Switch.API", "Switch.API\Switch.API.csproj", "{AE8AE582-7708-41B3-9489-8B6B4B552931}"
EndProject
Project("{9A19103F-16F7-4668-BE54-9A1E7A4F7556}") = "Switch.Domain.Core", "Switch.Domain.Core\Switch.Domain.Core.csproj", "{0A50E4FD-D8FC-47DB-A800-E2A6F31A8E79}"
EndProject
Project("{9A19103F-16F7-4668-BE54-9A1E7A4F7556}") = "Switch.CrossCutting.IoC", "Switch.CrossCutting.IoC\Switch.CrossCutting.IoC.csproj", "{88966DB3-118C-410E-9DF0-087CBC2646DA}"
EndProject
Project("{9A19103F-16F7-4668-BE54-9A1E7A4F7556}") = "Switch.CrossCutting.Bus", "Switch.CrossCutting.Bus\Switch.CrossCutting.Bus.csproj", "{39739743-C7DD-4811-9592-75393E73E138}"
EndProject
Project("{FAE04EC0-301F-11D3-BF4B-00C04F79EFBC}") = "Switch.CrossCutting.Shared", "Switch.CrossCutting.Shared\Switch.CrossCutting.Shared.csproj", "{D7C76DD8-4917-44BB-B35B-3C538A847054}"
EndProject
Global
	GlobalSection(SolutionConfigurationPlatforms) = preSolution
		Debug|Any CPU = Debug|Any CPU
		Release|Any CPU = Release|Any CPU
	EndGlobalSection
	GlobalSection(ProjectConfigurationPlatforms) = postSolution
		{6D63C8A8-C8A4-4C64-A6AC-FFBC2796DE82}.Debug|Any CPU.ActiveCfg = Debug|Any CPU
		{6D63C8A8-C8A4-4C64-A6AC-FFBC2796DE82}.Debug|Any CPU.Build.0 = Debug|Any CPU
		{6D63C8A8-C8A4-4C64-A6AC-FFBC2796DE82}.Release|Any CPU.ActiveCfg = Release|Any CPU
		{6D63C8A8-C8A4-4C64-A6AC-FFBC2796DE82}.Release|Any CPU.Build.0 = Release|Any CPU
		{A2B2FBF5-4CA4-4937-B594-94574ACA1915}.Debug|Any CPU.ActiveCfg = Debug|Any CPU
		{A2B2FBF5-4CA4-4937-B594-94574ACA1915}.Debug|Any CPU.Build.0 = Debug|Any CPU
		{A2B2FBF5-4CA4-4937-B594-94574ACA1915}.Release|Any CPU.ActiveCfg = Release|Any CPU
		{A2B2FBF5-4CA4-4937-B594-94574ACA1915}.Release|Any CPU.Build.0 = Release|Any CPU
		{12B1C7A7-D4B8-47E8-9702-41326533B381}.Debug|Any CPU.ActiveCfg = Debug|Any CPU
		{12B1C7A7-D4B8-47E8-9702-41326533B381}.Debug|Any CPU.Build.0 = Debug|Any CPU
		{12B1C7A7-D4B8-47E8-9702-41326533B381}.Release|Any CPU.ActiveCfg = Release|Any CPU
		{12B1C7A7-D4B8-47E8-9702-41326533B381}.Release|Any CPU.Build.0 = Release|Any CPU
		{01A306F3-514E-4069-A14F-135CAE51CBD6}.Debug|Any CPU.ActiveCfg = Debug|Any CPU
		{01A306F3-514E-4069-A14F-135CAE51CBD6}.Debug|Any CPU.Build.0 = Debug|Any CPU
		{01A306F3-514E-4069-A14F-135CAE51CBD6}.Release|Any CPU.ActiveCfg = Release|Any CPU
		{01A306F3-514E-4069-A14F-135CAE51CBD6}.Release|Any CPU.Build.0 = Release|Any CPU
		{AE8AE582-7708-41B3-9489-8B6B4B552931}.Debug|Any CPU.ActiveCfg = Debug|Any CPU
		{AE8AE582-7708-41B3-9489-8B6B4B552931}.Debug|Any CPU.Build.0 = Debug|Any CPU
		{AE8AE582-7708-41B3-9489-8B6B4B552931}.Release|Any CPU.ActiveCfg = Release|Any CPU
		{AE8AE582-7708-41B3-9489-8B6B4B552931}.Release|Any CPU.Build.0 = Release|Any CPU
		{0A50E4FD-D8FC-47DB-A800-E2A6F31A8E79}.Debug|Any CPU.ActiveCfg = Debug|Any CPU
		{0A50E4FD-D8FC-47DB-A800-E2A6F31A8E79}.Debug|Any CPU.Build.0 = Debug|Any CPU
		{0A50E4FD-D8FC-47DB-A800-E2A6F31A8E79}.Release|Any CPU.ActiveCfg = Release|Any CPU
		{0A50E4FD-D8FC-47DB-A800-E2A6F31A8E79}.Release|Any CPU.Build.0 = Release|Any CPU
		{88966DB3-118C-410E-9DF0-087CBC2646DA}.Debug|Any CPU.ActiveCfg = Debug|Any CPU
		{88966DB3-118C-410E-9DF0-087CBC2646DA}.Debug|Any CPU.Build.0 = Debug|Any CPU
		{88966DB3-118C-410E-9DF0-087CBC2646DA}.Release|Any CPU.ActiveCfg = Release|Any CPU
		{88966DB3-118C-410E-9DF0-087CBC2646DA}.Release|Any CPU.Build.0 = Release|Any CPU
		{39739743-C7DD-4811-9592-75393E73E138}.Debug|Any CPU.ActiveCfg = Debug|Any CPU
		{39739743-C7DD-4811-9592-75393E73E138}.Debug|Any CPU.Build.0 = Debug|Any CPU
		{39739743-C7DD-4811-9592-75393E73E138}.Release|Any CPU.ActiveCfg = Release|Any CPU
		{39739743-C7DD-4811-9592-75393E73E138}.Release|Any CPU.Build.0 = Release|Any CPU
		{D7C76DD8-4917-44BB-B35B-3C538A847054}.Debug|Any CPU.ActiveCfg = Debug|Any CPU
		{D7C76DD8-4917-44BB-B35B-3C538A847054}.Debug|Any CPU.Build.0 = Debug|Any CPU
		{D7C76DD8-4917-44BB-B35B-3C538A847054}.Release|Any CPU.ActiveCfg = Release|Any CPU
		{D7C76DD8-4917-44BB-B35B-3C538A847054}.Release|Any CPU.Build.0 = Release|Any CPU
	EndGlobalSection
	GlobalSection(SolutionProperties) = preSolution
		HideSolutionNode = FALSE
	EndGlobalSection
	GlobalSection(NestedProjects) = preSolution
		{6D63C8A8-C8A4-4C64-A6AC-FFBC2796DE82} = {35D41FD1-B214-4074-A9DF-83FE50F4AF32}
		{A2B2FBF5-4CA4-4937-B594-94574ACA1915} = {6AB63654-F035-498E-A132-D022C98B86AE}
		{ACCC3A78-F957-49C3-BADA-C4A62F9F49E7} = {198EC9F0-55EF-419B-BD9B-A03FCF018CA0}
		{75D5D606-9139-4BBE-9697-C037EF8F4063} = {198EC9F0-55EF-419B-BD9B-A03FCF018CA0}
		{12B1C7A7-D4B8-47E8-9702-41326533B381} = {75D5D606-9139-4BBE-9697-C037EF8F4063}
		{01A306F3-514E-4069-A14F-135CAE51CBD6} = {729C8573-D105-4347-B657-1C27124B0AEA}
		{AE8AE582-7708-41B3-9489-8B6B4B552931} = {A595FA6D-4F2D-42C2-B1F1-3A02992958B3}
		{0A50E4FD-D8FC-47DB-A800-E2A6F31A8E79} = {35D41FD1-B214-4074-A9DF-83FE50F4AF32}
		{88966DB3-118C-410E-9DF0-087CBC2646DA} = {ACCC3A78-F957-49C3-BADA-C4A62F9F49E7}
		{39739743-C7DD-4811-9592-75393E73E138} = {ACCC3A78-F957-49C3-BADA-C4A62F9F49E7}
		{D7C76DD8-4917-44BB-B35B-3C538A847054} = {ACCC3A78-F957-49C3-BADA-C4A62F9F49E7}
	EndGlobalSection
	GlobalSection(ExtensibilityGlobals) = postSolution
		SolutionGuid = {6514BD2A-73A8-4599-A2E4-480D50C58577}
	EndGlobalSection
EndGlobal
